
Microsoft Visual Studio Solution File, Format Version 12.00
# Visual Studio Version 17
VisualStudioVersion = 17.4.33213.308
MinimumVisualStudioVersion = 10.0.40219.1
Project("{FAE04EC0-301F-11D3-BF4B-00C04F79EFBC}") = "SebraOut", "SebraOut.csproj", "{8E074802-8214-44FD-B7DD-F0D31A689538}"
EndProject
Global
	GlobalSection(SolutionConfigurationPlatforms) = preSolution
		Debug|Any CPU = Debug|Any CPU
		Release|Any CPU = Release|Any CPU
	EndGlobalSection
	GlobalSection(ProjectConfigurationPlatforms) = postSolution
		{8E074802-8214-44FD-B7DD-F0D31A689538}.Debug|Any CPU.ActiveCfg = Debug|Any CPU
		{8E074802-8214-44FD-B7DD-F0D31A689538}.Debug|Any CPU.Build.0 = Debug|Any CPU
		{8E074802-8214-44FD-B7DD-F0D31A689538}.Release|Any CPU.ActiveCfg = Release|Any CPU
		{8E074802-8214-44FD-B7DD-F0D31A689538}.Release|Any CPU.Build.0 = Release|Any CPU
	EndGlobalSection
	GlobalSection(SolutionProperties) = preSolution
		HideSolutionNode = FALSE
	EndGlobalSection
	GlobalSection(ExtensibilityGlobals) = postSolution
		SolutionGuid = {1D88663D-0E54-4311-9D24-A2B876F51B62}
	EndGlobalSection
EndGlobal
